
Microsoft Visual Studio Solution File, Format Version 12.00
# Visual Studio Version 17
VisualStudioVersion = 17.11.35431.28
MinimumVisualStudioVersion = 10.0.40219.1
Project("{FAE04EC0-301F-11D3-BF4B-00C04F79EFBC}") = "AcunMedyaAkademiPortfolio", "AcunMedyaAkademiPortfolio\AcunMedyaAkademiPortfolio.csproj", "{3C6B2DDD-0F43-4A01-A49D-4447E738C630}"
EndProject
Global
	GlobalSection(SolutionConfigurationPlatforms) = preSolution
		Debug|Any CPU = Debug|Any CPU
		Release|Any CPU = Release|Any CPU
	EndGlobalSection
	GlobalSection(ProjectConfigurationPlatforms) = postSolution
		{3C6B2DDD-0F43-4A01-A49D-4447E738C630}.Debug|Any CPU.ActiveCfg = Debug|Any CPU
		{3C6B2DDD-0F43-4A01-A49D-4447E738C630}.Debug|Any CPU.Build.0 = Debug|Any CPU
		{3C6B2DDD-0F43-4A01-A49D-4447E738C630}.Release|Any CPU.ActiveCfg = Release|Any CPU
		{3C6B2DDD-0F43-4A01-A49D-4447E738C630}.Release|Any CPU.Build.0 = Release|Any CPU
	EndGlobalSection
	GlobalSection(SolutionProperties) = preSolution
		HideSolutionNode = FALSE
	EndGlobalSection
	GlobalSection(ExtensibilityGlobals) = postSolution
		SolutionGuid = {D08E4C8D-B96C-4ADE-BDE3-55443F881D92}
	EndGlobalSection
EndGlobal
